
Microsoft Visual Studio Solution File, Format Version 12.00
# Visual Studio Version 17
VisualStudioVersion = 17.3.32819.101
MinimumVisualStudioVersion = 10.0.40219.1
Project("{FAE04EC0-301F-11D3-BF4B-00C04F79EFBC}") = "TactileAssignemt", "TactileAssignemt\TactileAssignemt.csproj", "{ECBB3720-02E1-4FFE-AEA8-50B3ED67B84D}"
EndProject
Global
	GlobalSection(SolutionConfigurationPlatforms) = preSolution
		Debug|Any CPU = Debug|Any CPU
		Release|Any CPU = Release|Any CPU
	EndGlobalSection
	GlobalSection(ProjectConfigurationPlatforms) = postSolution
		{ECBB3720-02E1-4FFE-AEA8-50B3ED67B84D}.Debug|Any CPU.ActiveCfg = Debug|Any CPU
		{ECBB3720-02E1-4FFE-AEA8-50B3ED67B84D}.Debug|Any CPU.Build.0 = Debug|Any CPU
		{ECBB3720-02E1-4FFE-AEA8-50B3ED67B84D}.Release|Any CPU.ActiveCfg = Release|Any CPU
		{ECBB3720-02E1-4FFE-AEA8-50B3ED67B84D}.Release|Any CPU.Build.0 = Release|Any CPU
	EndGlobalSection
	GlobalSection(SolutionProperties) = preSolution
		HideSolutionNode = FALSE
	EndGlobalSection
	GlobalSection(ExtensibilityGlobals) = postSolution
		SolutionGuid = {80DFC5CA-B719-4C3A-8B92-07EF2FA8BF81}
	EndGlobalSection
EndGlobal
